
Microsoft Visual Studio Solution File, Format Version 12.00
# Visual Studio Version 17
VisualStudioVersion = 17.0.32126.317
MinimumVisualStudioVersion = 10.0.40219.1
Project("{9A19103F-16F7-4668-BE54-9A1E7A4F7556}") = "StudentManagement", "StudentManagement.csproj", "{C25D21C9-42C0-48FA-9980-78353F319F18}"
EndProject
Global
	GlobalSection(SolutionConfigurationPlatforms) = preSolution
		Debug|Any CPU = Debug|Any CPU
		Release|Any CPU = Release|Any CPU
	EndGlobalSection
	GlobalSection(ProjectConfigurationPlatforms) = postSolution
		{C25D21C9-42C0-48FA-9980-78353F319F18}.Debug|Any CPU.ActiveCfg = Debug|Any CPU
		{C25D21C9-42C0-48FA-9980-78353F319F18}.Debug|Any CPU.Build.0 = Debug|Any CPU
		{C25D21C9-42C0-48FA-9980-78353F319F18}.Release|Any CPU.ActiveCfg = Release|Any CPU
		{C25D21C9-42C0-48FA-9980-78353F319F18}.Release|Any CPU.Build.0 = Release|Any CPU
	EndGlobalSection
	GlobalSection(SolutionProperties) = preSolution
		HideSolutionNode = FALSE
	EndGlobalSection
	GlobalSection(ExtensibilityGlobals) = postSolution
		SolutionGuid = {F4490438-6A94-4EB5-AB67-937039B1794B}
	EndGlobalSection
EndGlobal
